
Microsoft Visual Studio Solution File, Format Version 12.00
# Visual Studio Version 17
VisualStudioVersion = 17.8.34525.116
MinimumVisualStudioVersion = 10.0.40219.1
Project("{9A19103F-16F7-4668-BE54-9A1E7A4F7556}") = "BookStore", "BookStore\BookStore.csproj", "{45BDE7CE-38FC-48B0-9B76-C3ABB3178917}"
EndProject
Project("{9A19103F-16F7-4668-BE54-9A1E7A4F7556}") = "BookStore.Core", "BookStore.Core\BookStore.Core.csproj", "{4FB905A7-4097-4F15-B800-C708FCAB7B98}"
EndProject
Project("{9A19103F-16F7-4668-BE54-9A1E7A4F7556}") = "BookStore.DataAccess", "BookStore.DataAccess\BookStore.DataAccess.csproj", "{CCE525C6-071E-43FF-B6ED-4A548A426AD3}"
EndProject
Project("{E53339B2-1760-4266-BCC7-CA923CBCF16C}") = "docker-compose", "docker-compose.dcproj", "{F96F8184-202B-486A-A357-BD1F8DDA5B6D}"
EndProject
Project("{FAE04EC0-301F-11D3-BF4B-00C04F79EFBC}") = "BookStore.Application", "..\BookStore.Application\BookStore.Application.csproj", "{E0788E3A-16DE-4037-BC5E-51FC9771C911}"
EndProject
Global
	GlobalSection(SolutionConfigurationPlatforms) = preSolution
		Debug|Any CPU = Debug|Any CPU
		Release|Any CPU = Release|Any CPU
	EndGlobalSection
	GlobalSection(ProjectConfigurationPlatforms) = postSolution
		{45BDE7CE-38FC-48B0-9B76-C3ABB3178917}.Debug|Any CPU.ActiveCfg = Debug|Any CPU
		{45BDE7CE-38FC-48B0-9B76-C3ABB3178917}.Debug|Any CPU.Build.0 = Debug|Any CPU
		{45BDE7CE-38FC-48B0-9B76-C3ABB3178917}.Release|Any CPU.ActiveCfg = Release|Any CPU
		{45BDE7CE-38FC-48B0-9B76-C3ABB3178917}.Release|Any CPU.Build.0 = Release|Any CPU
		{4FB905A7-4097-4F15-B800-C708FCAB7B98}.Debug|Any CPU.ActiveCfg = Debug|Any CPU
		{4FB905A7-4097-4F15-B800-C708FCAB7B98}.Debug|Any CPU.Build.0 = Debug|Any CPU
		{4FB905A7-4097-4F15-B800-C708FCAB7B98}.Release|Any CPU.ActiveCfg = Release|Any CPU
		{4FB905A7-4097-4F15-B800-C708FCAB7B98}.Release|Any CPU.Build.0 = Release|Any CPU
		{CCE525C6-071E-43FF-B6ED-4A548A426AD3}.Debug|Any CPU.ActiveCfg = Debug|Any CPU
		{CCE525C6-071E-43FF-B6ED-4A548A426AD3}.Debug|Any CPU.Build.0 = Debug|Any CPU
		{CCE525C6-071E-43FF-B6ED-4A548A426AD3}.Release|Any CPU.ActiveCfg = Release|Any CPU
		{CCE525C6-071E-43FF-B6ED-4A548A426AD3}.Release|Any CPU.Build.0 = Release|Any CPU
		{F96F8184-202B-486A-A357-BD1F8DDA5B6D}.Debug|Any CPU.ActiveCfg = Debug|Any CPU
		{F96F8184-202B-486A-A357-BD1F8DDA5B6D}.Debug|Any CPU.Build.0 = Debug|Any CPU
		{F96F8184-202B-486A-A357-BD1F8DDA5B6D}.Release|Any CPU.ActiveCfg = Release|Any CPU
		{F96F8184-202B-486A-A357-BD1F8DDA5B6D}.Release|Any CPU.Build.0 = Release|Any CPU
		{E0788E3A-16DE-4037-BC5E-51FC9771C911}.Debug|Any CPU.ActiveCfg = Debug|Any CPU
		{E0788E3A-16DE-4037-BC5E-51FC9771C911}.Debug|Any CPU.Build.0 = Debug|Any CPU
		{E0788E3A-16DE-4037-BC5E-51FC9771C911}.Release|Any CPU.ActiveCfg = Release|Any CPU
		{E0788E3A-16DE-4037-BC5E-51FC9771C911}.Release|Any CPU.Build.0 = Release|Any CPU
	EndGlobalSection
	GlobalSection(SolutionProperties) = preSolution
		HideSolutionNode = FALSE
	EndGlobalSection
	GlobalSection(ExtensibilityGlobals) = postSolution
		SolutionGuid = {09549EEB-5783-4748-8558-A7F0023DC289}
	EndGlobalSection
EndGlobal
